
Microsoft Visual Studio Solution File, Format Version 12.00
# Visual Studio Version 16
VisualStudioVersion = 16.0.30204.135
MinimumVisualStudioVersion = 10.0.40219.1
Project("{9A19103F-16F7-4668-BE54-9A1E7A4F7556}") = "VisualAcademy", "VisualAcademy\VisualAcademy.csproj", "{A886E01D-F8AE-45D0-B80C-CAD0F5AE6043}"
EndProject
Global
	GlobalSection(SolutionConfigurationPlatforms) = preSolution
		Debug|Any CPU = Debug|Any CPU
		Release|Any CPU = Release|Any CPU
	EndGlobalSection
	GlobalSection(ProjectConfigurationPlatforms) = postSolution
		{A886E01D-F8AE-45D0-B80C-CAD0F5AE6043}.Debug|Any CPU.ActiveCfg = Debug|Any CPU
		{A886E01D-F8AE-45D0-B80C-CAD0F5AE6043}.Debug|Any CPU.Build.0 = Debug|Any CPU
		{A886E01D-F8AE-45D0-B80C-CAD0F5AE6043}.Release|Any CPU.ActiveCfg = Release|Any CPU
		{A886E01D-F8AE-45D0-B80C-CAD0F5AE6043}.Release|Any CPU.Build.0 = Release|Any CPU
	EndGlobalSection
	GlobalSection(SolutionProperties) = preSolution
		HideSolutionNode = FALSE
	EndGlobalSection
	GlobalSection(ExtensibilityGlobals) = postSolution
		SolutionGuid = {AA58539D-AC57-4E20-AD1C-9921B77DA9D3}
	EndGlobalSection
EndGlobal
